PODS:
  - Action (3.11.0):
    - RxCocoa (~> 4.0)
    - RxSwift (~> 4.0)
  - RxBlocking (4.5.0):
    - RxSwift (>= 4.4.2, ~> 4.4)
  - RxCocoa (4.5.0):
    - RxSwift (>= 4.4.2, ~> 4.4)
  - RxGesture (2.2.0):
    - RxCocoa (~> 4.5)
    - RxSwift (~> 4.5)
  - RxSwift (4.5.0)
  - RxTest (4.5.0):
    - RxSwift (>= 4.4.2, ~> 4.4)
  - SnapKit (4.2.0)
  - SwiftyJSON (4.0.0)
  - Then (2.4.0)

DEPENDENCIES:
  - Action
  - RxBlocking
  - RxCocoa
  - RxGesture
  - RxSwift
  - RxTest
  - SnapKit
  - SwiftyJSON (= 4.0.0)
  - Then

SPEC REPOS:
  https://github.com/cocoapods/specs.git:
    - Action
    - RxBlocking
    - RxCocoa
    - RxGesture
    - RxSwift
    - RxTest
    - SnapKit
    - SwiftyJSON
    - Then

SPEC CHECKSUMS:
  Action: 689181e4c3f6566844178d8a7da6fef39a9597fc
  RxBlocking: 79413e4d916f44bb3e113c5b2cc059e36fe58910
  RxCocoa: cbf70265dc65a981d4ac982e513c10cf23df24a0
  RxGesture: c1b7bf17166b0ef9d642a9510f8bac5785f18990
  RxSwift: f172070dfd1a93d70a9ab97a5a01166206e1c575
  RxTest: 3ccb66bfbace0bf7df1c43a7c75d046f8ce60372
  SnapKit: fe8a619752f3f27075cc9a90244d75c6c3f27e2a
  SwiftyJSON: 070dabdcb1beb81b247c65ffa3a79dbbfb3b48aa
  Then: 71866660c7af35a7343831f7668e7cd2b62ee0f2

PODFILE CHECKSUM: 93854ab9c4ab51926fce6fdf6578f63f06c2e4be

COCOAPODS: 1.6.0.beta.1
